// !$*UTF8*$!
{
	archiveVersion = 1;
	classes = {
	};
	objectVersion = 56;
	objects = {

/* Begin PBXBuildFile section */
		7CDF0BF7AFB1B5F6E9B480F2 /* Pods_CircleCiTests.framework in Frameworks */ = {isa = PBXBuildFile; fileRef = 1494F33CE72061D690D355A4 /* Pods_CircleCiTests.framework */; };
		7E7B7933002458553C879EC2 /* Pods_CircleCi.framework in Frameworks */ = {isa = PBXBuildFile; fileRef = A95B1719591E779FBEA6C587 /* Pods_CircleCi.framework */; };
		8E0E4F73E015D92C5F218AE2 /* Pods_CircleCi_CircleCiUITests.framework in Frameworks */ = {isa = PBXBuildFile; fileRef = 91FF0FDAD779684D7CE9CBDA /* Pods_CircleCi_CircleCiUITests.framework */; };
		BD1F8C712D27B5A6001D4B03 /* AppDelegate.swift in Sources */ = {isa = PBXBuildFile; fileRef = BD1F8C702D27B5A6001D4B03 /* AppDelegate.swift */; };
		BD1F8C732D27B5A6001D4B03 /* SceneDelegate.swift in Sources */ = {isa = PBXBuildFile; fileRef = BD1F8C722D27B5A6001D4B03 /* SceneDelegate.swift */; };
		BD1F8C752D27B5A6001D4B03 /* ViewController.swift in Sources */ = {isa = PBXBuildFile; fileRef = BD1F8C742D27B5A6001D4B03 /* ViewController.swift */; };
		BD1F8C782D27B5A6001D4B03 /* Base in Resources */ = {isa = PBXBuildFile; fileRef = BD1F8C772D27B5A6001D4B03 /* Base */; };
		BD1F8C7A2D27B5A7001D4B03 /* Assets.xcassets in Resources */ = {isa = PBXBuildFile; fileRef = BD1F8C792D27B5A7001D4B03 /* Assets.xcassets */; };
		BD1F8C7D2D27B5A7001D4B03 /* Base in Resources */ = {isa = PBXBuildFile; fileRef = BD1F8C7C2D27B5A7001D4B03 /* Base */; };
		BD1F8C882D27B5A8001D4B03 /* CircleCiTests.swift in Sources */ = {isa = PBXBuildFile; fileRef = BD1F8C872D27B5A8001D4B03 /* CircleCiTests.swift */; };
		BD1F8C922D27B5A8001D4B03 /* CircleCiUITests.swift in Sources */ = {isa = PBXBuildFile; fileRef = BD1F8C912D27B5A8001D4B03 /* CircleCiUITests.swift */; };
		BD1F8C942D27B5A8001D4B03 /* CircleCiUITestsLaunchTests.swift in Sources */ = {isa = PBXBuildFile; fileRef = BD1F8C932D27B5A8001D4B03 /* CircleCiUITestsLaunchTests.swift */; };
/* End PBXBuildFile section */

/* Begin PBXContainerItemProxy section */
		BD1F8C842D27B5A8001D4B03 /* PBXContainerItemProxy */ = {
			isa = PBXContainerItemProxy;
			containerPortal = BD1F8C652D27B5A6001D4B03 /* Project object */;
			proxyType = 1;
			remoteGlobalIDString = BD1F8C6C2D27B5A6001D4B03;
			remoteInfo = CircleCi;
		};
		BD1F8C8E2D27B5A8001D4B03 /* PBXContainerItemProxy */ = {
			isa = PBXContainerItemProxy;
			containerPortal = BD1F8C652D27B5A6001D4B03 /* Project object */;
			proxyType = 1;
			remoteGlobalIDString = BD1F8C6C2D27B5A6001D4B03;
			remoteInfo = CircleCi;
		};
/* End PBXContainerItemProxy section */

/* Begin PBXFileReference section */
		08C8CAC9E0C12DD5DA95F7DA /* Pods-CircleCi.release.xcconfig */ = {isa = PBXFileReference; includeInIndex = 1; lastKnownFileType = text.xcconfig; name = "Pods-CircleCi.release.xcconfig"; path = "Target Support Files/Pods-CircleCi/Pods-CircleCi.release.xcconfig"; sourceTree = "<group>"; };
		1494F33CE72061D690D355A4 /* Pods_CircleCiTests.framework */ = {isa = PBXFileReference; explicitFileType = wrapper.framework; includeInIndex = 0; path = Pods_CircleCiTests.framework; sourceTree = BUILT_PRODUCTS_DIR; };
		343CE212DDC4B63E420C95DA /* Pods-CircleCiTests.release.xcconfig */ = {isa = PBXFileReference; includeInIndex = 1; lastKnownFileType = text.xcconfig; name = "Pods-CircleCiTests.release.xcconfig"; path = "Target Support Files/Pods-CircleCiTests/Pods-CircleCiTests.release.xcconfig"; sourceTree = "<group>"; };
		51312085A6294080E8F33EF2 /* Pods-CircleCi-CircleCiUITests.debug.xcconfig */ = {isa = PBXFileReference; includeInIndex = 1; lastKnownFileType = text.xcconfig; name = "Pods-CircleCi-CircleCiUITests.debug.xcconfig"; path = "Target Support Files/Pods-CircleCi-CircleCiUITests/Pods-CircleCi-CircleCiUITests.debug.xcconfig"; sourceTree = "<group>"; };
		68125ADA81D7B97E547375EB /* Pods-CircleCiTests.debug.xcconfig */ = {isa = PBXFileReference; includeInIndex = 1; lastKnownFileType = text.xcconfig; name = "Pods-CircleCiTests.debug.xcconfig"; path = "Target Support Files/Pods-CircleCiTests/Pods-CircleCiTests.debug.xcconfig"; sourceTree = "<group>"; };
		91FF0FDAD779684D7CE9CBDA /* Pods_CircleCi_CircleCiUITests.framework */ = {isa = PBXFileReference; explicitFileType = wrapper.framework; includeInIndex = 0; path = Pods_CircleCi_CircleCiUITests.framework; sourceTree = BUILT_PRODUCTS_DIR; };
		92E7DFA34324AF09E08949C2 /* Pods-CircleCi.debug.xcconfig */ = {isa = PBXFileReference; includeInIndex = 1; lastKnownFileType = text.xcconfig; name = "Pods-CircleCi.debug.xcconfig"; path = "Target Support Files/Pods-CircleCi/Pods-CircleCi.debug.xcconfig"; sourceTree = "<group>"; };
		A95B1719591E779FBEA6C587 /* Pods_CircleCi.framework */ = {isa = PBXFileReference; explicitFileType = wrapper.framework; includeInIndex = 0; path = Pods_CircleCi.framework; sourceTree = BUILT_PRODUCTS_DIR; };
		BD1F8C6D2D27B5A6001D4B03 /* CircleCi.app */ = {isa = PBXFileReference; explicitFileType = wrapper.application; includeInIndex = 0; path = CircleCi.app; sourceTree = BUILT_PRODUCTS_DIR; };
		BD1F8C702D27B5A6001D4B03 /* AppDelegate.swift */ = {isa = PBXFileReference; lastKnownFileType = sourcecode.swift; path = AppDelegate.swift; sourceTree = "<group>"; };
		BD1F8C722D27B5A6001D4B03 /* SceneDelegate.swift */ = {isa = PBXFileReference; lastKnownFileType = sourcecode.swift; path = SceneDelegate.swift; sourceTree = "<group>"; };
		BD1F8C742D27B5A6001D4B03 /* ViewController.swift */ = {isa = PBXFileReference; lastKnownFileType = sourcecode.swift; path = ViewController.swift; sourceTree = "<group>"; };
		BD1F8C772D27B5A6001D4B03 /* Base */ = {isa = PBXFileReference; lastKnownFileType = file.storyboard; name = Base; path = Base.lproj/Main.storyboard; sourceTree = "<group>"; };
		BD1F8C792D27B5A7001D4B03 /* Assets.xcassets */ = {isa = PBXFileReference; lastKnownFileType = folder.assetcatalog; path = Assets.xcassets; sourceTree = "<group>"; };
		BD1F8C7C2D27B5A7001D4B03 /* Base */ = {isa = PBXFileReference; lastKnownFileType = file.storyboard; name = Base; path = Base.lproj/LaunchScreen.storyboard; sourceTree = "<group>"; };
		BD1F8C7E2D27B5A7001D4B03 /* Info.plist */ = {isa = PBXFileReference; lastKnownFileType = text.plist.xml; path = Info.plist; sourceTree = "<group>"; };
		BD1F8C832D27B5A8001D4B03 /* CircleCiTests.xctest */ = {isa = PBXFileReference; explicitFileType = wrapper.cfbundle; includeInIndex = 0; path = CircleCiTests.xctest; sourceTree = BUILT_PRODUCTS_DIR; };
		BD1F8C872D27B5A8001D4B03 /* CircleCiTests.swift */ = {isa = PBXFileReference; lastKnownFileType = sourcecode.swift; path = CircleCiTests.swift; sourceTree = "<group>"; };
		BD1F8C8D2D27B5A8001D4B03 /* CircleCiUITests.xctest */ = {isa = PBXFileReference; explicitFileType = wrapper.cfbundle; includeInIndex = 0; path = CircleCiUITests.xctest; sourceTree = BUILT_PRODUCTS_DIR; };
		BD1F8C912D27B5A8001D4B03 /* CircleCiUITests.swift */ = {isa = PBXFileReference; lastKnownFileType = sourcecode.swift; path = CircleCiUITests.swift; sourceTree = "<group>"; };
		BD1F8C932D27B5A8001D4B03 /* CircleCiUITestsLaunchTests.swift */ = {isa = PBXFileReference; lastKnownFileType = sourcecode.swift; path = CircleCiUITestsLaunchTests.swift; sourceTree = "<group>"; };
		DF78373E3107E3586592204E /* Pods-CircleCi-CircleCiUITests.release.xcconfig */ = {isa = PBXFileReference; includeInIndex = 1; lastKnownFileType = text.xcconfig; name = "Pods-CircleCi-CircleCiUITests.release.xcconfig"; path = "Target Support Files/Pods-CircleCi-CircleCiUITests/Pods-CircleCi-CircleCiUITests.release.xcconfig"; sourceTree = "<group>"; };
/* End PBXFileReference section */

/* Begin PBXFrameworksBuildPhase section */
		BD1F8C6A2D27B5A6001D4B03 /* Frameworks */ = {
			isa = PBXFrameworksBuildPhase;
			buildActionMask = 2147483647;
			files = (
				7E7B7933002458553C879EC2 /* Pods_CircleCi.framework in Frameworks */,
			);
			runOnlyForDeploymentPostprocessing = 0;
		};
		BD1F8C802D27B5A8001D4B03 /* Frameworks */ = {
			isa = PBXFrameworksBuildPhase;
			buildActionMask = 2147483647;
			files = (
				7CDF0BF7AFB1B5F6E9B480F2 /* Pods_CircleCiTests.framework in Frameworks */,
			);
			runOnlyForDeploymentPostprocessing = 0;
		};
		BD1F8C8A2D27B5A8001D4B03 /* Frameworks */ = {
			isa = PBXFrameworksBuildPhase;
			buildActionMask = 2147483647;
			files = (
				8E0E4F73E015D92C5F218AE2 /* Pods_CircleCi_CircleCiUITests.framework in Frameworks */,
			);
			runOnlyForDeploymentPostprocessing = 0;
		};
/* End PBXFrameworksBuildPhase section */

/* Begin PBXGroup section */
		2DE8128144E0BF6FE5609EF2 /* Pods */ = {
			isa = PBXGroup;
			children = (
				92E7DFA34324AF09E08949C2 /* Pods-CircleCi.debug.xcconfig */,
				08C8CAC9E0C12DD5DA95F7DA /* Pods-CircleCi.release.xcconfig */,
				51312085A6294080E8F33EF2 /* Pods-CircleCi-CircleCiUITests.debug.xcconfig */,
				DF78373E3107E3586592204E /* Pods-CircleCi-CircleCiUITests.release.xcconfig */,
				68125ADA81D7B97E547375EB /* Pods-CircleCiTests.debug.xcconfig */,
				343CE212DDC4B63E420C95DA /* Pods-CircleCiTests.release.xcconfig */,
			);
			path = Pods;
			sourceTree = "<group>";
		};
		BD1F8C642D27B5A6001D4B03 = {
			isa = PBXGroup;
			children = (
				BD1F8C6F2D27B5A6001D4B03 /* CircleCi */,
				BD1F8C862D27B5A8001D4B03 /* CircleCiTests */,
				BD1F8C902D27B5A8001D4B03 /* CircleCiUITests */,
				BD1F8C6E2D27B5A6001D4B03 /* Products */,
				2DE8128144E0BF6FE5609EF2 /* Pods */,
				E49F345595DA677552B06560 /* Frameworks */,
			);
			sourceTree = "<group>";
		};
		BD1F8C6E2D27B5A6001D4B03 /* Products */ = {
			isa = PBXGroup;
			children = (
				BD1F8C6D2D27B5A6001D4B03 /* CircleCi.app */,
				BD1F8C832D27B5A8001D4B03 /* CircleCiTests.xctest */,
				BD1F8C8D2D27B5A8001D4B03 /* CircleCiUITests.xctest */,
			);
			name = Products;
			sourceTree = "<group>";
		};
		BD1F8C6F2D27B5A6001D4B03 /* CircleCi */ = {
			isa = PBXGroup;
			children = (
				BD1F8C702D27B5A6001D4B03 /* AppDelegate.swift */,
				BD1F8C722D27B5A6001D4B03 /* SceneDelegate.swift */,
				BD1F8C742D27B5A6001D4B03 /* ViewController.swift */,
				BD1F8C762D27B5A6001D4B03 /* Main.storyboard */,
				BD1F8C792D27B5A7001D4B03 /* Assets.xcassets */,
				BD1F8C7B2D27B5A7001D4B03 /* LaunchScreen.storyboard */,
				BD1F8C7E2D27B5A7001D4B03 /* Info.plist */,
			);
			path = CircleCi;
			sourceTree = "<group>";
		};
		BD1F8C862D27B5A8001D4B03 /* CircleCiTests */ = {
			isa = PBXGroup;
			children = (
				BD1F8C872D27B5A8001D4B03 /* CircleCiTests.swift */,
			);
			path = CircleCiTests;
			sourceTree = "<group>";
		};
		BD1F8C902D27B5A8001D4B03 /* CircleCiUITests */ = {
			isa = PBXGroup;
			children = (
				BD1F8C912D27B5A8001D4B03 /* CircleCiUITests.swift */,
				BD1F8C932D27B5A8001D4B03 /* CircleCiUITestsLaunchTests.swift */,
			);
			path = CircleCiUITests;
			sourceTree = "<group>";
		};
		E49F345595DA677552B06560 /* Frameworks */ = {
			isa = PBXGroup;
			children = (
				A95B1719591E779FBEA6C587 /* Pods_CircleCi.framework */,
				91FF0FDAD779684D7CE9CBDA /* Pods_CircleCi_CircleCiUITests.framework */,
				1494F33CE72061D690D355A4 /* Pods_CircleCiTests.framework */,
			);
			name = Frameworks;
			sourceTree = "<group>";
		};
/* End PBXGroup section */

/* Begin PBXNativeTarget section */
		BD1F8C6C2D27B5A6001D4B03 /* CircleCi */ = {
			isa = PBXNativeTarget;
			buildConfigurationList = BD1F8C972D27B5A8001D4B03 /* Build configuration list for PBXNativeTarget "CircleCi" */;
			buildPhases = (
				B0F59716E28071C53343932C /* [CP] Check Pods Manifest.lock */,
				BD1F8C692D27B5A6001D4B03 /* Sources */,
				BD1F8C6A2D27B5A6001D4B03 /* Frameworks */,
				BD1F8C6B2D27B5A6001D4B03 /* Resources */,
				073D49062EAD652E05BFA25A /* [CP] Embed Pods Frameworks */,
			);
			buildRules = (
			);
			dependencies = (
			);
			name = CircleCi;
			productName = CircleCi;
			productReference = BD1F8C6D2D27B5A6001D4B03 /* CircleCi.app */;
			productType = "com.apple.product-type.application";
		};
		BD1F8C822D27B5A8001D4B03 /* CircleCiTests */ = {
			isa = PBXNativeTarget;
			buildConfigurationList = BD1F8C9A2D27B5A8001D4B03 /* Build configuration list for PBXNativeTarget "CircleCiTests" */;
			buildPhases = (
				1B68C5AD71D8BB51D699C987 /* [CP] Check Pods Manifest.lock */,
				BD1F8C7F2D27B5A8001D4B03 /* Sources */,
				BD1F8C802D27B5A8001D4B03 /* Frameworks */,
				BD1F8C812D27B5A8001D4B03 /* Resources */,
			);
			buildRules = (
			);
			dependencies = (
				BD1F8C852D27B5A8001D4B03 /* PBXTargetDependency */,
			);
			name = CircleCiTests;
			productName = CircleCiTests;
			productReference = BD1F8C832D27B5A8001D4B03 /* CircleCiTests.xctest */;
			productType = "com.apple.product-type.bundle.unit-test";
		};
		BD1F8C8C2D27B5A8001D4B03 /* CircleCiUITests */ = {
			isa = PBXNativeTarget;
			buildConfigurationList = BD1F8C9D2D27B5A8001D4B03 /* Build configuration list for PBXNativeTarget "CircleCiUITests" */;
			buildPhases = (
				8BACAA292494E44F3D0E0A16 /* [CP] Check Pods Manifest.lock */,
				BD1F8C892D27B5A8001D4B03 /* Sources */,
				BD1F8C8A2D27B5A8001D4B03 /* Frameworks */,
				BD1F8C8B2D27B5A8001D4B03 /* Resources */,
				D9599A88EE12BB63210E15DD /* [CP] Embed Pods Frameworks */,
			);
			buildRules = (
			);
			dependencies = (
				BD1F8C8F2D27B5A8001D4B03 /* PBXTargetDependency */,
			);
			name = CircleCiUITests;
			productName = CircleCiUITests;
			productReference = BD1F8C8D2D27B5A8001D4B03 /* CircleCiUITests.xctest */;
			productType = "com.apple.product-type.bundle.ui-testing";
		};
/* End PBXNativeTarget section */

/* Begin PBXProject section */
		BD1F8C652D27B5A6001D4B03 /* Project object */ = {
			isa = PBXProject;
			attributes = {
				BuildIndependentTargetsInParallel = 1;
				LastSwiftUpdateCheck = 1540;
				LastUpgradeCheck = 1540;
				TargetAttributes = {
					BD1F8C6C2D27B5A6001D4B03 = {
						CreatedOnToolsVersion = 15.4;
					};
					BD1F8C822D27B5A8001D4B03 = {
						CreatedOnToolsVersion = 15.4;
						TestTargetID = BD1F8C6C2D27B5A6001D4B03;
					};
					BD1F8C8C2D27B5A8001D4B03 = {
						CreatedOnToolsVersion = 15.4;
						TestTargetID = BD1F8C6C2D27B5A6001D4B03;
					};
				};
			};
			buildConfigurationList = BD1F8C682D27B5A6001D4B03 /* Build configuration list for PBXProject "CircleCi" */;
			compatibilityVersion = "Xcode 14.0";
			developmentRegion = en;
			hasScannedForEncodings = 0;
			knownRegions = (
				en,
				Base,
			);
			mainGroup = BD1F8C642D27B5A6001D4B03;
			productRefGroup = BD1F8C6E2D27B5A6001D4B03 /* Products */;
			projectDirPath = "";
			projectRoot = "";
			targets = (
				BD1F8C6C2D27B5A6001D4B03 /* CircleCi */,
				BD1F8C822D27B5A8001D4B03 /* CircleCiTests */,
				BD1F8C8C2D27B5A8001D4B03 /* CircleCiUITests */,
			);
		};
/* End PBXProject section */

/* Begin PBXResourcesBuildPhase section */
		BD1F8C6B2D27B5A6001D4B03 /* Resources */ = {
			isa = PBXResourcesBuildPhase;
			buildActionMask = 2147483647;
			files = (
				BD1F8C7A2D27B5A7001D4B03 /* Assets.xcassets in Resources */,
				BD1F8C7D2D27B5A7001D4B03 /* Base in Resources */,
				BD1F8C782D27B5A6001D4B03 /* Base in Resources */,
			);
			runOnlyForDeploymentPostprocessing = 0;
		};
		BD1F8C812D27B5A8001D4B03 /* Resources */ = {
			isa = PBXResourcesBuildPhase;
			buildActionMask = 2147483647;
			files = (
			);
			runOnlyForDeploymentPostprocessing = 0;
		};
		BD1F8C8B2D27B5A8001D4B03 /* Resources */ = {
			isa = PBXResourcesBuildPhase;
			buildActionMask = 2147483647;
			files = (
			);
			runOnlyForDeploymentPostprocessing = 0;
		};
/* End PBXResourcesBuildPhase section */

/* Begin PBXShellScriptBuildPhase section */
		073D49062EAD652E05BFA25A /* [CP] Embed Pods Frameworks */ = {
			isa = PBXShellScriptBuildPhase;
			buildActionMask = 2147483647;
			files = (
			);
			inputFileListPaths = (
				"${PODS_ROOT}/Target Support Files/Pods-CircleCi/Pods-CircleCi-frameworks-${CONFIGURATION}-input-files.xcfilelist",
			);
			name = "[CP] Embed Pods Frameworks";
			outputFileListPaths = (
				"${PODS_ROOT}/Target Support Files/Pods-CircleCi/Pods-CircleCi-frameworks-${CONFIGURATION}-output-files.xcfilelist",
			);
			runOnlyForDeploymentPostprocessing = 0;
			shellPath = /bin/sh;
			shellScript = "\"${PODS_ROOT}/Target Support Files/Pods-CircleCi/Pods-CircleCi-frameworks.sh\"\n";
			showEnvVarsInLog = 0;
		};
		1B68C5AD71D8BB51D699C987 /* [CP] Check Pods Manifest.lock */ = {
			isa = PBXShellScriptBuildPhase;
			buildActionMask = 2147483647;
			files = (
			);
			inputFileListPaths = (
			);
			inputPaths = (
				"${PODS_PODFILE_DIR_PATH}/Podfile.lock",
				"${PODS_ROOT}/Manifest.lock",
			);
			name = "[CP] Check Pods Manifest.lock";
			outputFileListPaths = (
			);
			outputPaths = (
				"$(DERIVED_FILE_DIR)/Pods-CircleCiTests-checkManifestLockResult.txt",
			);
			runOnlyForDeploymentPostprocessing = 0;
			shellPath = /bin/sh;
			shellScript = "diff \"${PODS_PODFILE_DIR_PATH}/Podfile.lock\" \"${PODS_ROOT}/Manifest.lock\" > /dev/null\nif [ $? != 0 ] ; then\n    # print error to STDERR\n    echo \"error: The sandbox is not in sync with the Podfile.lock. Run 'pod install' or update your CocoaPods installation.\" >&2\n    exit 1\nfi\n# This output is used by Xcode 'outputs' to avoid re-running this script phase.\necho \"SUCCESS\" > \"${SCRIPT_OUTPUT_FILE_0}\"\n";
			showEnvVarsInLog = 0;
		};
		8BACAA292494E44F3D0E0A16 /* [CP] Check Pods Manifest.lock */ = {
			isa = PBXShellScriptBuildPhase;
			buildActionMask = 2147483647;
			files = (
			);
			inputFileListPaths = (
			);
			inputPaths = (
				"${PODS_PODFILE_DIR_PATH}/Podfile.lock",
				"${PODS_ROOT}/Manifest.lock",
			);
			name = "[CP] Check Pods Manifest.lock";
			outputFileListPaths = (
			);
			outputPaths = (
				"$(DERIVED_FILE_DIR)/Pods-CircleCi-CircleCiUITests-checkManifestLockResult.txt",
			);
			runOnlyForDeploymentPostprocessing = 0;
			shellPath = /bin/sh;
			shellScript = "diff \"${PODS_PODFILE_DIR_PATH}/Podfile.lock\" \"${PODS_ROOT}/Manifest.lock\" > /dev/null\nif [ $? != 0 ] ; then\n    # print error to STDERR\n    echo \"error: The sandbox is not in sync with the Podfile.lock. Run 'pod install' or update your CocoaPods installation.\" >&2\n    exit 1\nfi\n# This output is used by Xcode 'outputs' to avoid re-running this script phase.\necho \"SUCCESS\" > \"${SCRIPT_OUTPUT_FILE_0}\"\n";
			showEnvVarsInLog = 0;
		};
		B0F59716E28071C53343932C /* [CP] Check Pods Manifest.lock */ = {
			isa = PBXShellScriptBuildPhase;
			buildActionMask = 2147483647;
			files = (
			);
			inputFileListPaths = (
			);
			inputPaths = (
				"${PODS_PODFILE_DIR_PATH}/Podfile.lock",
				"${PODS_ROOT}/Manifest.lock",
			);
			name = "[CP] Check Pods Manifest.lock";
			outputFileListPaths = (
			);
			outputPaths = (
				"$(DERIVED_FILE_DIR)/Pods-CircleCi-checkManifestLockResult.txt",
			);
			runOnlyForDeploymentPostprocessing = 0;
			shellPath = /bin/sh;
			shellScript = "diff \"${PODS_PODFILE_DIR_PATH}/Podfile.lock\" \"${PODS_ROOT}/Manifest.lock\" > /dev/null\nif [ $? != 0 ] ; then\n    # print error to STDERR\n    echo \"error: The sandbox is not in sync with the Podfile.lock. Run 'pod install' or update your CocoaPods installation.\" >&2\n    exit 1\nfi\n# This output is used by Xcode 'outputs' to avoid re-running this script phase.\necho \"SUCCESS\" > \"${SCRIPT_OUTPUT_FILE_0}\"\n";
			showEnvVarsInLog = 0;
		};
		D9599A88EE12BB63210E15DD /* [CP] Embed Pods Frameworks */ = {
			isa = PBXShellScriptBuildPhase;
			buildActionMask = 2147483647;
			files = (
			);
			inputFileListPaths = (
				"${PODS_ROOT}/Target Support Files/Pods-CircleCi-CircleCiUITests/Pods-CircleCi-CircleCiUITests-frameworks-${CONFIGURATION}-input-files.xcfilelist",
			);
			name = "[CP] Embed Pods Frameworks";
			outputFileListPaths = (
				"${PODS_ROOT}/Target Support Files/Pods-CircleCi-CircleCiUITests/Pods-CircleCi-CircleCiUITests-frameworks-${CONFIGURATION}-output-files.xcfilelist",
			);
			runOnlyForDeploymentPostprocessing = 0;
			shellPath = /bin/sh;
			shellScript = "\"${PODS_ROOT}/Target Support Files/Pods-CircleCi-CircleCiUITests/Pods-CircleCi-CircleCiUITests-frameworks.sh\"\n";
			showEnvVarsInLog = 0;
		};
/* End PBXShellScriptBuildPhase section */

/* Begin PBXSourcesBuildPhase section */
		BD1F8C692D27B5A6001D4B03 /* Sources */ = {
			isa = PBXSourcesBuildPhase;
			buildActionMask = 2147483647;
			files = (
				BD1F8C752D27B5A6001D4B03 /* ViewController.swift in Sources */,
				BD1F8C712D27B5A6001D4B03 /* AppDelegate.swift in Sources */,
				BD1F8C732D27B5A6001D4B03 /* SceneDelegate.swift in Sources */,
			);
			runOnlyForDeploymentPostprocessing = 0;
		};
		BD1F8C7F2D27B5A8001D4B03 /* Sources */ = {
			isa = PBXSourcesBuildPhase;
			buildActionMask = 2147483647;
			files = (
				BD1F8C882D27B5A8001D4B03 /* CircleCiTests.swift in Sources */,
			);
			runOnlyForDeploymentPostprocessing = 0;
		};
		BD1F8C892D27B5A8001D4B03 /* Sources */ = {
			isa = PBXSourcesBuildPhase;
			buildActionMask = 2147483647;
			files = (
				BD1F8C942D27B5A8001D4B03 /* CircleCiUITestsLaunchTests.swift in Sources */,
				BD1F8C922D27B5A8001D4B03 /* CircleCiUITests.swift in Sources */,
			);
			runOnlyForDeploymentPostprocessing = 0;
		};
/* End PBXSourcesBuildPhase section */

/* Begin PBXTargetDependency section */
		BD1F8C852D27B5A8001D4B03 /* PBXTargetDependency */ = {
			isa = PBXTargetDependency;
			target = BD1F8C6C2D27B5A6001D4B03 /* CircleCi */;
			targetProxy = BD1F8C842D27B5A8001D4B03 /* PBXContainerItemProxy */;
		};
		BD1F8C8F2D27B5A8001D4B03 /* PBXTargetDependency */ = {
			isa = PBXTargetDependency;
			target = BD1F8C6C2D27B5A6001D4B03 /* CircleCi */;
			targetProxy = BD1F8C8E2D27B5A8001D4B03 /* PBXContainerItemProxy */;
		};
/* End PBXTargetDependency section */

/* Begin PBXVariantGroup section */
		BD1F8C762D27B5A6001D4B03 /* Main.storyboard */ = {
			isa = PBXVariantGroup;
			children = (
				BD1F8C772D27B5A6001D4B03 /* Base */,
			);
			name = Main.storyboard;
			sourceTree = "<group>";
		};
		BD1F8C7B2D27B5A7001D4B03 /* LaunchScreen.storyboard */ = {
			isa = PBXVariantGroup;
			children = (
				BD1F8C7C2D27B5A7001D4B03 /* Base */,
			);
			name = LaunchScreen.storyboard;
			sourceTree = "<group>";
		};
/* End PBXVariantGroup section */

/* Begin XCBuildConfiguration section */
		BD1F8C952D27B5A8001D4B03 /* Debug */ = {
			isa = XCBuildConfiguration;
			buildSettings = {
				ALWAYS_SEARCH_USER_PATHS = NO;
				ASSETCATALOG_COMPILER_GENERATE_SWIFT_ASSET_SYMBOL_EXTENSIONS = YES;
				CLANG_ANALYZER_NONNULL = YES;
				CLANG_ANALYZER_NUMBER_OBJECT_CONVERSION = YES_AGGRESSIVE;
				CLANG_CXX_LANGUAGE_STANDARD = "gnu++20";
				CLANG_ENABLE_MODULES = YES;
				CLANG_ENABLE_OBJC_ARC = YES;
				CLANG_ENABLE_OBJC_WEAK = YES;
				CLANG_WARN_BLOCK_CAPTURE_AUTORELEASING = YES;
				CLANG_WARN_BOOL_CONVERSION = YES;
				CLANG_WARN_COMMA = YES;
				CLANG_WARN_CONSTANT_CONVERSION = YES;
				CLANG_WARN_DEPRECATED_OBJC_IMPLEMENTATIONS = YES;
				CLANG_WARN_DIRECT_OBJC_ISA_USAGE = YES_ERROR;
				CLANG_WARN_DOCUMENTATION_COMMENTS = YES;
				CLANG_WARN_EMPTY_BODY = YES;
				CLANG_WARN_ENUM_CONVERSION = YES;
				CLANG_WARN_INFINITE_RECURSION = YES;
				CLANG_WARN_INT_CONVERSION = YES;
				CLANG_WARN_NON_LITERAL_NULL_CONVERSION = YES;
				CLANG_WARN_OBJC_IMPLICIT_RETAIN_SELF = YES;
				CLANG_WARN_OBJC_LITERAL_CONVERSION = YES;
				CLANG_WARN_OBJC_ROOT_CLASS = YES_ERROR;
				CLANG_WARN_QUOTED_INCLUDE_IN_FRAMEWORK_HEADER = YES;
				CLANG_WARN_RANGE_LOOP_ANALYSIS = YES;
				CLANG_WARN_STRICT_PROTOTYPES = YES;
				CLANG_WARN_SUSPICIOUS_MOVE = YES;
				CLANG_WARN_UNGUARDED_AVAILABILITY = YES_AGGRESSIVE;
				CLANG_WARN_UNREACHABLE_CODE = YES;
				CLANG_WARN__DUPLICATE_METHOD_MATCH = YES;
				COPY_PHASE_STRIP = NO;
				DEBUG_INFORMATION_FORMAT = dwarf;
				ENABLE_STRICT_OBJC_MSGSEND = YES;
				ENABLE_TESTABILITY = YES;
				ENABLE_USER_SCRIPT_SANDBOXING = YES;
				GCC_C_LANGUAGE_STANDARD = gnu17;
				GCC_DYNAMIC_NO_PIC = NO;
				GCC_NO_COMMON_BLOCKS = YES;
				GCC_OPTIMIZATION_LEVEL = 0;
				GCC_PREPROCESSOR_DEFINITIONS = (
					"DEBUG=1",
					"$(inherited)",
				);
				GCC_WARN_64_TO_32_BIT_CONVERSION = YES;
				GCC_WARN_ABOUT_RETURN_TYPE = YES_ERROR;
				GCC_WARN_UNDECLARED_SELECTOR = YES;
				GCC_WARN_UNINITIALIZED_AUTOS = YES_AGGRESSIVE;
				GCC_WARN_UNUSED_FUNCTION = YES;
				GCC_WARN_UNUSED_VARIABLE = YES;
				IPHONEOS_DEPLOYMENT_TARGET = 16.0;
				LOCALIZATION_PREFERS_STRING_CATALOGS = YES;
				MTL_ENABLE_DEBUG_INFO = INCLUDE_SOURCE;
				MTL_FAST_MATH = YES;
				ONLY_ACTIVE_ARCH = YES;
				SDKROOT = iphoneos;
				SWIFT_ACTIVE_COMPILATION_CONDITIONS = "DEBUG $(inherited)";
				SWIFT_OPTIMIZATION_LEVEL = "-Onone";
			};
			name = Debug;
		};
		BD1F8C962D27B5A8001D4B03 /* Release */ = {
			isa = XCBuildConfiguration;
			buildSettings = {
				ALWAYS_SEARCH_USER_PATHS = NO;
				ASSETCATALOG_COMPILER_GENERATE_SWIFT_ASSET_SYMBOL_EXTENSIONS = YES;
				CLANG_ANALYZER_NONNULL = YES;
				CLANG_ANALYZER_NUMBER_OBJECT_CONVERSION = YES_AGGRESSIVE;
				CLANG_CXX_LANGUAGE_STANDARD = "gnu++20";
				CLANG_ENABLE_MODULES = YES;
				CLANG_ENABLE_OBJC_ARC = YES;
				CLANG_ENABLE_OBJC_WEAK = YES;
				CLANG_WARN_BLOCK_CAPTURE_AUTORELEASING = YES;
				CLANG_WARN_BOOL_CONVERSION = YES;
				CLANG_WARN_COMMA = YES;
				CLANG_WARN_CONSTANT_CONVERSION = YES;
				CLANG_WARN_DEPRECATED_OBJC_IMPLEMENTATIONS = YES;
				CLANG_WARN_DIRECT_OBJC_ISA_USAGE = YES_ERROR;
				CLANG_WARN_DOCUMENTATION_COMMENTS = YES;
				CLANG_WARN_EMPTY_BODY = YES;
				CLANG_WARN_ENUM_CONVERSION = YES;
				CLANG_WARN_INFINITE_RECURSION = YES;
				CLANG_WARN_INT_CONVERSION = YES;
				CLANG_WARN_NON_LITERAL_NULL_CONVERSION = YES;
				CLANG_WARN_OBJC_IMPLICIT_RETAIN_SELF = YES;
				CLANG_WARN_OBJC_LITERAL_CONVERSION = YES;
				CLANG_WARN_OBJC_ROOT_CLASS = YES_ERROR;
				CLANG_WARN_QUOTED_INCLUDE_IN_FRAMEWORK_HEADER = YES;
				CLANG_WARN_RANGE_LOOP_ANALYSIS = YES;
				CLANG_WARN_STRICT_PROTOTYPES = YES;
				CLANG_WARN_SUSPICIOUS_MOVE = YES;
				CLANG_WARN_UNGUARDED_AVAILABILITY = YES_AGGRESSIVE;
				CLANG_WARN_UNREACHABLE_CODE = YES;
				CLANG_WARN__DUPLICATE_METHOD_MATCH = YES;
				COPY_PHASE_STRIP = NO;
				DEBUG_INFORMATION_FORMAT = "dwarf-with-dsym";
				ENABLE_NS_ASSERTIONS = NO;
				ENABLE_STRICT_OBJC_MSGSEND = YES;
				ENABLE_USER_SCRIPT_SANDBOXING = YES;
				GCC_C_LANGUAGE_STANDARD = gnu17;
				GCC_NO_COMMON_BLOCKS = YES;
				GCC_WARN_64_TO_32_BIT_CONVERSION = YES;
				GCC_WARN_ABOUT_RETURN_TYPE = YES_ERROR;
				GCC_WARN_UNDECLARED_SELECTOR = YES;
				GCC_WARN_UNINITIALIZED_AUTOS = YES_AGGRESSIVE;
				GCC_WARN_UNUSED_FUNCTION = YES;
				GCC_WARN_UNUSED_VARIABLE = YES;
				IPHONEOS_DEPLOYMENT_TARGET = 16.0;
				LOCALIZATION_PREFERS_STRING_CATALOGS = YES;
				MTL_ENABLE_DEBUG_INFO = NO;
				MTL_FAST_MATH = YES;
				SDKROOT = iphoneos;
				SWIFT_COMPILATION_MODE = wholemodule;
				VALIDATE_PRODUCT = YES;
			};
			name = Release;
		};
		BD1F8C982D27B5A8001D4B03 /* Debug */ = {
			isa = XCBuildConfiguration;
			baseConfigurationReference = 92E7DFA34324AF09E08949C2 /* Pods-CircleCi.debug.xcconfig */;
			buildSettings = {
				ASSETCATALOG_COMPILER_APPICON_NAME = AppIcon;
				ASSETCATALOG_COMPILER_GLOBAL_ACCENT_COLOR_NAME = AccentColor;
				CODE_SIGN_IDENTITY = "Apple Development";
				"CODE_SIGN_IDENTITY[sdk=iphoneos*]" = "iPhone Developer";
				CODE_SIGN_STYLE = Automatic;
				CURRENT_PROJECT_VERSION = 1;
				DEVELOPMENT_TEAM = "";
				"DEVELOPMENT_TEAM[sdk=iphoneos*]" = 8D8KS6PUAL;
				GENERATE_INFOPLIST_FILE = YES;
				INFOPLIST_FILE = CircleCi/Info.plist;
				INFOPLIST_KEY_UIApplicationSupportsIndirectInputEvents = YES;
				INFOPLIST_KEY_UILaunchStoryboardName = LaunchScreen;
				INFOPLIST_KEY_UIMainStoryboardFile = Main;
				INFOPLIST_KEY_UISupportedInterfaceOrientations_iPad = "UIInterfaceOrientationPortrait UIInterfaceOrientationPortraitUpsideDown UIInterfaceOrientationLandscapeLeft UIInterfaceOrientationLandscapeRight";
				INFOPLIST_KEY_UISupportedInterfaceOrientations_iPhone = "UIInterfaceOrientationPortrait UIInterfaceOrientationLandscapeLeft UIInterfaceOrientationLandscapeRight";
				IPHONEOS_DEPLOYMENT_TARGET = 16.0;
				LD_RUNPATH_SEARCH_PATHS = (
					"$(inherited)",
					"@executable_path/Frameworks",
				);
				MARKETING_VERSION = 1.0;
				PRODUCT_BUNDLE_IDENTIFIER = com.prodev.CircleCi;
				PRODUCT_NAME = "$(TARGET_NAME)";
				PROVISIONING_PROFILE_SPECIFIER = "";
				"PROVISIONING_PROFILE_SPECIFIER[sdk=iphoneos*]" = "";
				SWIFT_EMIT_LOC_STRINGS = YES;
				SWIFT_VERSION = 5.0;
				TARGETED_DEVICE_FAMILY = "1,2";
			};
			name = Debug;
		};
		BD1F8C992D27B5A8001D4B03 /* Release */ = {
			isa = XCBuildConfiguration;
			baseConfigurationReference = 08C8CAC9E0C12DD5DA95F7DA /* Pods-CircleCi.release.xcconfig */;
			buildSettings = {
				ASSETCATALOG_COMPILER_APPICON_NAME = AppIcon;
				ASSETCATALOG_COMPILER_GLOBAL_ACCENT_COLOR_NAME = AccentColor;
				CODE_SIGN_IDENTITY = "Apple Development";
				CODE_SIGN_STYLE = Automatic;
				CURRENT_PROJECT_VERSION = 1;
				DEVELOPMENT_TEAM = 8D8KS6PUAL;
				GENERATE_INFOPLIST_FILE = YES;
				INFOPLIST_FILE = CircleCi/Info.plist;
				INFOPLIST_KEY_UIApplicationSupportsIndirectInputEvents = YES;
				INFOPLIST_KEY_UILaunchStoryboardName = LaunchScreen;
				INFOPLIST_KEY_UIMainStoryboardFile = Main;
				INFOPLIST_KEY_UISupportedInterfaceOrientations_iPad = "UIInterfaceOrientationPortrait UIInterfaceOrientationPortraitUpsideDown UIInterfaceOrientationLandscapeLeft UIInterfaceOrientationLandscapeRight";
				INFOPLIST_KEY_UISupportedInterfaceOrientations_iPhone = "UIInterfaceOrientationPortrait UIInterfaceOrientationLandscapeLeft UIInterfaceOrientationLandscapeRight";
				IPHONEOS_DEPLOYMENT_TARGET = 16.0;
				LD_RUNPATH_SEARCH_PATHS = (
					"$(inherited)",
					"@executable_path/Frameworks",
				);
				MARKETING_VERSION = 1.0;
				PRODUCT_BUNDLE_IDENTIFIER = com.prodev.CircleCi;
				PRODUCT_NAME = "$(TARGET_NAME)";
				PROVISIONING_PROFILE_SPECIFIER = "";
				SWIFT_EMIT_LOC_STRINGS = YES;
				SWIFT_VERSION = 5.0;
				TARGETED_DEVICE_FAMILY = "1,2";
			};
			name = Release;
		};
		BD1F8C9B2D27B5A8001D4B03 /* Debug */ = {
			isa = XCBuildConfiguration;
			baseConfigurationReference = 68125ADA81D7B97E547375EB /* Pods-CircleCiTests.debug.xcconfig */;
			buildSettings = {
				ALWAYS_EMBED_SWIFT_STANDARD_LIBRARIES = YES;
				BUNDLE_LOADER = "$(TEST_HOST)";
				CODE_SIGN_STYLE = Automatic;
				CURRENT_PROJECT_VERSION = 1;
				GENERATE_INFOPLIST_FILE = YES;
				IPHONEOS_DEPLOYMENT_TARGET = 16.0;
				MARKETING_VERSION = 1.0;
				PRODUCT_BUNDLE_IDENTIFIER = com.prodev.CircleCiTests;
				PRODUCT_NAME = "$(TARGET_NAME)";
				SWIFT_EMIT_LOC_STRINGS = NO;
				SWIFT_VERSION = 5.0;
				TARGETED_DEVICE_FAMILY = "1,2";
				TEST_HOST = "$(BUILT_PRODUCTS_DIR)/CircleCi.app/$(BUNDLE_EXECUTABLE_FOLDER_PATH)/CircleCi";
			};
			name = Debug;
		};
		BD1F8C9C2D27B5A8001D4B03 /* Release */ = {
			isa = XCBuildConfiguration;
			baseConfigurationReference = 343CE212DDC4B63E420C95DA /* Pods-CircleCiTests.release.xcconfig */;
			buildSettings = {
				ALWAYS_EMBED_SWIFT_STANDARD_LIBRARIES = YES;
				BUNDLE_LOADER = "$(TEST_HOST)";
				CODE_SIGN_STYLE = Automatic;
				CURRENT_PROJECT_VERSION = 1;
				GENERATE_INFOPLIST_FILE = YES;
				IPHONEOS_DEPLOYMENT_TARGET = 16.0;
				MARKETING_VERSION = 1.0;
				PRODUCT_BUNDLE_IDENTIFIER = com.prodev.CircleCiTests;
				PRODUCT_NAME = "$(TARGET_NAME)";
				SWIFT_EMIT_LOC_STRINGS = NO;
				SWIFT_VERSION = 5.0;
				TARGETED_DEVICE_FAMILY = "1,2";
				TEST_HOST = "$(BUILT_PRODUCTS_DIR)/CircleCi.app/$(BUNDLE_EXECUTABLE_FOLDER_PATH)/CircleCi";
			};
			name = Release;
		};
		BD1F8C9E2D27B5A8001D4B03 /* Debug */ = {
			isa = XCBuildConfiguration;
			baseConfigurationReference = 51312085A6294080E8F33EF2 /* Pods-CircleCi-CircleCiUITests.debug.xcconfig */;
			buildSettings = {
				ALWAYS_EMBED_SWIFT_STANDARD_LIBRARIES = YES;
				CODE_SIGN_STYLE = Automatic;
				CURRENT_PROJECT_VERSION = 1;
				GENERATE_INFOPLIST_FILE = YES;
				IPHONEOS_DEPLOYMENT_TARGET = 16.0;
				MARKETING_VERSION = 1.0;
				PRODUCT_BUNDLE_IDENTIFIER = com.prodev.CircleCiUITests;
				PRODUCT_NAME = "$(TARGET_NAME)";
				SWIFT_EMIT_LOC_STRINGS = NO;
				SWIFT_VERSION = 5.0;
				TARGETED_DEVICE_FAMILY = "1,2";
				TEST_TARGET_NAME = CircleCi;
			};
			name = Debug;
		};
		BD1F8C9F2D27B5A8001D4B03 /* Release */ = {
			isa = XCBuildConfiguration;
			baseConfigurationReference = DF78373E3107E3586592204E /* Pods-CircleCi-CircleCiUITests.release.xcconfig */;
			buildSettings = {
				ALWAYS_EMBED_SWIFT_STANDARD_LIBRARIES = YES;
				CODE_SIGN_STYLE = Automatic;
				CURRENT_PROJECT_VERSION = 1;
				GENERATE_INFOPLIST_FILE = YES;
				IPHONEOS_DEPLOYMENT_TARGET = 16.0;
				MARKETING_VERSION = 1.0;
				PRODUCT_BUNDLE_IDENTIFIER = com.prodev.CircleCiUITests;
				PRODUCT_NAME = "$(TARGET_NAME)";
				SWIFT_EMIT_LOC_STRINGS = NO;
				SWIFT_VERSION = 5.0;
				TARGETED_DEVICE_FAMILY = "1,2";
				TEST_TARGET_NAME = CircleCi;
			};
			name = Release;
		};
/* End XCBuildConfiguration section */

/* Begin XCConfigurationList section */
		BD1F8C682D27B5A6001D4B03 /* Build configuration list for PBXProject "CircleCi" */ = {
			isa = XCConfigurationList;
			buildConfigurations = (
				BD1F8C952D27B5A8001D4B03 /* Debug */,
				BD1F8C962D27B5A8001D4B03 /* Release */,
			);
			defaultConfigurationIsVisible = 0;
			defaultConfigurationName = Release;
		};
		BD1F8C972D27B5A8001D4B03 /* Build configuration list for PBXNativeTarget "CircleCi" */ = {
			isa = XCConfigurationList;
			buildConfigurations = (
				BD1F8C982D27B5A8001D4B03 /* Debug */,
				BD1F8C992D27B5A8001D4B03 /* Release */,
			);
			defaultConfigurationIsVisible = 0;
			defaultConfigurationName = Release;
		};
		BD1F8C9A2D27B5A8001D4B03 /* Build configuration list for PBXNativeTarget "CircleCiTests" */ = {
			isa = XCConfigurationList;
			buildConfigurations = (
				BD1F8C9B2D27B5A8001D4B03 /* Debug */,
				BD1F8C9C2D27B5A8001D4B03 /* Release */,
			);
			defaultConfigurationIsVisible = 0;
			defaultConfigurationName = Release;
		};
		BD1F8C9D2D27B5A8001D4B03 /* Build configuration list for PBXNativeTarget "CircleCiUITests" */ = {
			isa = XCConfigurationList;
			buildConfigurations = (
				BD1F8C9E2D27B5A8001D4B03 /* Debug */,
				BD1F8C9F2D27B5A8001D4B03 /* Release */,
			);
			defaultConfigurationIsVisible = 0;
			defaultConfigurationName = Release;
		};
/* End XCConfigurationList section */
	};
	rootObject = BD1F8C652D27B5A6001D4B03 /* Project object */;
}
